// !$*UTF8*$!
{
	archiveVersion = 1;
	classes = {
	};
	objectVersion = 55;
	objects = {

/* Begin PBXBuildFile section */
		5E18ACFC288539F400059545 /* Pods_Project_Hotpot.framework in Frameworks */ = {isa = PBXBuildFile; fileRef = 481A2A7A1757134276DEFFB1 /* Pods_Project_Hotpot.framework */; };
		5E2FA6EB2891EBA200EE769D /* SongDetails.swift in Sources */ = {isa = PBXBuildFile; fileRef = 5E2FA6EA2891EBA200EE769D /* SongDetails.swift */; };
		5E2FA6ED2891F74D00EE769D /* Cache.swift in Sources */ = {isa = PBXBuildFile; fileRef = 5E2FA6EC2891F74D00EE769D /* Cache.swift */; };
		5E2FA6EF2891F93C00EE769D /* CacheManager.swift in Sources */ = {isa = PBXBuildFile; fileRef = 5E2FA6EE2891F93C00EE769D /* CacheManager.swift */; };
		5E2FA6F22892E15A00EE769D /* SongScoreManager.swift in Sources */ = {isa = PBXBuildFile; fileRef = 5E2FA6F12892E15A00EE769D /* SongScoreManager.swift */; };
		5E2FA6F428945F9D00EE769D /* Storage.swift in Sources */ = {isa = PBXBuildFile; fileRef = 5E2FA6F328945F9D00EE769D /* Storage.swift */; };
		5EAAC8D42885D9FD00BD2064 /* PFPlaylist.swift in Sources */ = {isa = PBXBuildFile; fileRef = 5EAAC8D32885D9FD00BD2064 /* PFPlaylist.swift */; };
		5EAAC8D62885F4EF00BD2064 /* PlaylistViewController.swift in Sources */ = {isa = PBXBuildFile; fileRef = 5EAAC8D52885F4EF00BD2064 /* PlaylistViewController.swift */; };
		5EAAC8DE2888871A00BD2064 /* PFHistory.swift in Sources */ = {isa = PBXBuildFile; fileRef = 5EAAC8DD2888871A00BD2064 /* PFHistory.swift */; };
		5EAAC8E02888BF2200BD2064 /* CreatePlaylistViewController.swift in Sources */ = {isa = PBXBuildFile; fileRef = 5EAAC8DF2888BF2200BD2064 /* CreatePlaylistViewController.swift */; };
		5EAAC8E62888C44800BD2064 /* PlaylistTableViewCell.swift in Sources */ = {isa = PBXBuildFile; fileRef = 5EAAC8E52888C44700BD2064 /* PlaylistTableViewCell.swift */; };
		5EAAC8E92889CC5300BD2064 /* SongTableViewCell.swift in Sources */ = {isa = PBXBuildFile; fileRef = 5EAAC8E82889CC5300BD2064 /* SongTableViewCell.swift */; };
		5EAAC8EB2889CCB700BD2064 /* PlaylistDetailsViewController.swift in Sources */ = {isa = PBXBuildFile; fileRef = 5EAAC8EA2889CCB700BD2064 /* PlaylistDetailsViewController.swift */; };
		5EAAC8EF288A16F000BD2064 /* SongManager.swift in Sources */ = {isa = PBXBuildFile; fileRef = 5EAAC8EE288A16F000BD2064 /* SongManager.swift */; };
		5EAAC8F12890905400BD2064 /* ViewController.swift in Sources */ = {isa = PBXBuildFile; fileRef = 5EAAC8F02890905400BD2064 /* ViewController.swift */; };
		5EAAC8F4289093F300BD2064 /* SettingsViewController.swift in Sources */ = {isa = PBXBuildFile; fileRef = 5EAAC8F3289093F300BD2064 /* SettingsViewController.swift */; };
		5EAAC8F628909A5100BD2064 /* UserSettingsManager.swift in Sources */ = {isa = PBXBuildFile; fileRef = 5EAAC8F528909A5100BD2064 /* UserSettingsManager.swift */; };
		5EAAC8F82890B57100BD2064 /* GenreQueue.swift in Sources */ = {isa = PBXBuildFile; fileRef = 5EAAC8F72890B57100BD2064 /* GenreQueue.swift */; };
		5EAAC8FA2890B82D00BD2064 /* Genre.swift in Sources */ = {isa = PBXBuildFile; fileRef = 5EAAC8F92890B82D00BD2064 /* Genre.swift */; };
		5EAAC8FC2890E26900BD2064 /* GenreQueueManager.swift in Sources */ = {isa = PBXBuildFile; fileRef = 5EAAC8FB2890E26900BD2064 /* GenreQueueManager.swift */; };
		5EAAC8FE2891090000BD2064 /* Errors.swift in Sources */ = {isa = PBXBuildFile; fileRef = 5EAAC8FD2891090000BD2064 /* Errors.swift */; };
		5EAD87802876412A008497D0 /* HomeViewController.swift in Sources */ = {isa = PBXBuildFile; fileRef = 5EAD877F2876412A008497D0 /* HomeViewController.swift */; };
		5EAD87862878D2C3008497D0 /* ConnectViewController.swift in Sources */ = {isa = PBXBuildFile; fileRef = 5EAD87852878D2C3008497D0 /* ConnectViewController.swift */; };
		5EAD8788287C9626008497D0 /* SpotifyManager.swift in Sources */ = {isa = PBXBuildFile; fileRef = 5EAD8787287C9626008497D0 /* SpotifyManager.swift */; };
		5EAD878A287CE327008497D0 /* SongAlgorithm.swift in Sources */ = {isa = PBXBuildFile; fileRef = 5EAD8789287CE327008497D0 /* SongAlgorithm.swift */; };
		5EAD878C287DF27A008497D0 /* LoginViewController.swift in Sources */ = {isa = PBXBuildFile; fileRef = 5EAD878B287DF27A008497D0 /* LoginViewController.swift */; };
		5EAD87922880833E008497D0 /* PFSong.swift in Sources */ = {isa = PBXBuildFile; fileRef = 5EAD87912880833E008497D0 /* PFSong.swift */; };
		5EFB17DD2874F1D000ECC6B8 /* AppDelegate.swift in Sources */ = {isa = PBXBuildFile; fileRef = 5EFB17DC2874F1D000ECC6B8 /* AppDelegate.swift */; };
		5EFB17DF2874F1D000ECC6B8 /* SceneDelegate.swift in Sources */ = {isa = PBXBuildFile; fileRef = 5EFB17DE2874F1D000ECC6B8 /* SceneDelegate.swift */; };
		5EFB17E42874F1D000ECC6B8 /* Main.storyboard in Resources */ = {isa = PBXBuildFile; fileRef = 5EFB17E22874F1D000ECC6B8 /* Main.storyboard */; };
		5EFB17E62874F1D000ECC6B8 /* Assets.xcassets in Resources */ = {isa = PBXBuildFile; fileRef = 5EFB17E52874F1D000ECC6B8 /* Assets.xcassets */; };
		5EFB17E92874F1D000ECC6B8 /* LaunchScreen.storyboard in Resources */ = {isa = PBXBuildFile; fileRef = 5EFB17E72874F1D000ECC6B8 /* LaunchScreen.storyboard */; };
		5EFB17F12874F1F500ECC6B8 /* SpotifyiOS.framework in Frameworks */ = {isa = PBXBuildFile; fileRef = 5EFB17F02874F1F500ECC6B8 /* SpotifyiOS.framework */; };
		5EFB17F62874F2D400ECC6B8 /* Constants.swift in Sources */ = {isa = PBXBuildFile; fileRef = 5EFB17F52874F2D400ECC6B8 /* Constants.swift */; };
/* End PBXBuildFile section */

/* Begin PBXCopyFilesBuildPhase section */
		5E18ACFB2885396100059545 /* Embed Frameworks */ = {
			isa = PBXCopyFilesBuildPhase;
			buildActionMask = 2147483647;
			dstPath = "";
			dstSubfolderSpec = 10;
			files = (
			);
			name = "Embed Frameworks";
			runOnlyForDeploymentPostprocessing = 0;
		};
/* End PBXCopyFilesBuildPhase section */

/* Begin PBXFileReference section */
		12BA0DC0E3114D74420752E0 /* Pods-Project-Hotpot.debug.xcconfig */ = {isa = PBXFileReference; includeInIndex = 1; lastKnownFileType = text.xcconfig; name = "Pods-Project-Hotpot.debug.xcconfig"; path = "Target Support Files/Pods-Project-Hotpot/Pods-Project-Hotpot.debug.xcconfig"; sourceTree = "<group>"; };
		481A2A7A1757134276DEFFB1 /* Pods_Project_Hotpot.framework */ = {isa = PBXFileReference; explicitFileType = wrapper.framework; includeInIndex = 0; path = Pods_Project_Hotpot.framework; sourceTree = BUILT_PRODUCTS_DIR; };
		5E2FA6EA2891EBA200EE769D /* SongDetails.swift */ = {isa = PBXFileReference; lastKnownFileType = sourcecode.swift; path = SongDetails.swift; sourceTree = "<group>"; };
		5E2FA6EC2891F74D00EE769D /* Cache.swift */ = {isa = PBXFileReference; lastKnownFileType = sourcecode.swift; path = Cache.swift; sourceTree = "<group>"; };
		5E2FA6EE2891F93C00EE769D /* CacheManager.swift */ = {isa = PBXFileReference; lastKnownFileType = sourcecode.swift; path = CacheManager.swift; sourceTree = "<group>"; };
		5E2FA6F12892E15A00EE769D /* SongScoreManager.swift */ = {isa = PBXFileReference; lastKnownFileType = sourcecode.swift; path = SongScoreManager.swift; sourceTree = "<group>"; };
		5E2FA6F328945F9D00EE769D /* Storage.swift */ = {isa = PBXFileReference; lastKnownFileType = sourcecode.swift; path = Storage.swift; sourceTree = "<group>"; };
		5EAAC8D32885D9FD00BD2064 /* PFPlaylist.swift */ = {isa = PBXFileReference; lastKnownFileType = sourcecode.swift; path = PFPlaylist.swift; sourceTree = "<group>"; };
		5EAAC8D52885F4EF00BD2064 /* PlaylistViewController.swift */ = {isa = PBXFileReference; lastKnownFileType = sourcecode.swift; path = PlaylistViewController.swift; sourceTree = "<group>"; };
		5EAAC8DD2888871A00BD2064 /* PFHistory.swift */ = {isa = PBXFileReference; lastKnownFileType = sourcecode.swift; path = PFHistory.swift; sourceTree = "<group>"; };
		5EAAC8DF2888BF2200BD2064 /* CreatePlaylistViewController.swift */ = {isa = PBXFileReference; lastKnownFileType = sourcecode.swift; name = CreatePlaylistViewController.swift; path = "Project-Hotpot/ViewControllers/Playlist/CreatePlaylistViewController.swift"; sourceTree = SOURCE_ROOT; };
		5EAAC8E52888C44700BD2064 /* PlaylistTableViewCell.swift */ = {isa = PBXFileReference; lastKnownFileType = sourcecode.swift; path = PlaylistTableViewCell.swift; sourceTree = "<group>"; };
		5EAAC8E82889CC5300BD2064 /* SongTableViewCell.swift */ = {isa = PBXFileReference; lastKnownFileType = sourcecode.swift; name = SongTableViewCell.swift; path = "Project-Hotpot/SongTableViewCell.swift"; sourceTree = SOURCE_ROOT; };
		5EAAC8EA2889CCB700BD2064 /* PlaylistDetailsViewController.swift */ = {isa = PBXFileReference; lastKnownFileType = sourcecode.swift; path = PlaylistDetailsViewController.swift; sourceTree = "<group>"; };
		5EAAC8EE288A16F000BD2064 /* SongManager.swift */ = {isa = PBXFileReference; lastKnownFileType = sourcecode.swift; name = SongManager.swift; path = "Project-Hotpot/Algorithm/SongManager.swift"; sourceTree = SOURCE_ROOT; };
		5EAAC8F02890905400BD2064 /* ViewController.swift */ = {isa = PBXFileReference; lastKnownFileType = sourcecode.swift; path = ViewController.swift; sourceTree = "<group>"; };
		5EAAC8F3289093F300BD2064 /* SettingsViewController.swift */ = {isa = PBXFileReference; lastKnownFileType = sourcecode.swift; path = SettingsViewController.swift; sourceTree = "<group>"; };
		5EAAC8F528909A5100BD2064 /* UserSettingsManager.swift */ = {isa = PBXFileReference; lastKnownFileType = sourcecode.swift; path = UserSettingsManager.swift; sourceTree = "<group>"; };
		5EAAC8F72890B57100BD2064 /* GenreQueue.swift */ = {isa = PBXFileReference; lastKnownFileType = sourcecode.swift; path = GenreQueue.swift; sourceTree = "<group>"; };
		5EAAC8F92890B82D00BD2064 /* Genre.swift */ = {isa = PBXFileReference; lastKnownFileType = sourcecode.swift; path = Genre.swift; sourceTree = "<group>"; };
		5EAAC8FB2890E26900BD2064 /* GenreQueueManager.swift */ = {isa = PBXFileReference; lastKnownFileType = sourcecode.swift; path = GenreQueueManager.swift; sourceTree = "<group>"; };
		5EAAC8FD2891090000BD2064 /* Errors.swift */ = {isa = PBXFileReference; lastKnownFileType = sourcecode.swift; path = Errors.swift; sourceTree = "<group>"; };
		5EAD877F2876412A008497D0 /* HomeViewController.swift */ = {isa = PBXFileReference; lastKnownFileType = sourcecode.swift; path = HomeViewController.swift; sourceTree = "<group>"; };
		5EAD87852878D2C3008497D0 /* ConnectViewController.swift */ = {isa = PBXFileReference; lastKnownFileType = sourcecode.swift; path = ConnectViewController.swift; sourceTree = "<group>"; };
		5EAD8787287C9626008497D0 /* SpotifyManager.swift */ = {isa = PBXFileReference; lastKnownFileType = sourcecode.swift; path = SpotifyManager.swift; sourceTree = "<group>"; };
		5EAD8789287CE327008497D0 /* SongAlgorithm.swift */ = {isa = PBXFileReference; lastKnownFileType = sourcecode.swift; path = SongAlgorithm.swift; sourceTree = "<group>"; };
		5EAD878B287DF27A008497D0 /* LoginViewController.swift */ = {isa = PBXFileReference; lastKnownFileType = sourcecode.swift; path = LoginViewController.swift; sourceTree = "<group>"; };
		5EAD87912880833E008497D0 /* PFSong.swift */ = {isa = PBXFileReference; lastKnownFileType = sourcecode.swift; path = PFSong.swift; sourceTree = "<group>"; };
		5EFB17D92874F1D000ECC6B8 /* Project-Hotpot.app */ = {isa = PBXFileReference; explicitFileType = wrapper.application; includeInIndex = 0; path = "Project-Hotpot.app"; sourceTree = BUILT_PRODUCTS_DIR; };
		5EFB17DC2874F1D000ECC6B8 /* AppDelegate.swift */ = {isa = PBXFileReference; lastKnownFileType = sourcecode.swift; path = AppDelegate.swift; sourceTree = "<group>"; };
		5EFB17DE2874F1D000ECC6B8 /* SceneDelegate.swift */ = {isa = PBXFileReference; lastKnownFileType = sourcecode.swift; path = SceneDelegate.swift; sourceTree = "<group>"; };
		5EFB17E32874F1D000ECC6B8 /* Base */ = {isa = PBXFileReference; lastKnownFileType = file.storyboard; name = Base; path = Base.lproj/Main.storyboard; sourceTree = "<group>"; };
		5EFB17E52874F1D000ECC6B8 /* Assets.xcassets */ = {isa = PBXFileReference; lastKnownFileType = folder.assetcatalog; path = Assets.xcassets; sourceTree = "<group>"; };
		5EFB17E82874F1D000ECC6B8 /* Base */ = {isa = PBXFileReference; lastKnownFileType = file.storyboard; name = Base; path = Base.lproj/LaunchScreen.storyboard; sourceTree = "<group>"; };
		5EFB17EA2874F1D000ECC6B8 /* Info.plist */ = {isa = PBXFileReference; lastKnownFileType = text.plist.xml; path = Info.plist; sourceTree = "<group>"; };
		5EFB17F02874F1F500ECC6B8 /* SpotifyiOS.framework */ = {isa = PBXFileReference; lastKnownFileType = wrapper.framework; path = SpotifyiOS.framework; sourceTree = "<group>"; };
		5EFB17F22874F29600ECC6B8 /* Project-Hotpot-Bridging-Header.h */ = {isa = PBXFileReference; lastKnownFileType = sourcecode.c.h; path = "Project-Hotpot-Bridging-Header.h"; sourceTree = "<group>"; };
		5EFB17F52874F2D400ECC6B8 /* Constants.swift */ = {isa = PBXFileReference; lastKnownFileType = sourcecode.swift; path = Constants.swift; sourceTree = "<group>"; };
		C94E2377FBE3B4DA4B523648 /* Pods-Project-Hotpot.release.xcconfig */ = {isa = PBXFileReference; includeInIndex = 1; lastKnownFileType = text.xcconfig; name = "Pods-Project-Hotpot.release.xcconfig"; path = "Target Support Files/Pods-Project-Hotpot/Pods-Project-Hotpot.release.xcconfig"; sourceTree = "<group>"; };
/* End PBXFileReference section */

/* Begin PBXFrameworksBuildPhase section */
		5EFB17D62874F1D000ECC6B8 /* Frameworks */ = {
			isa = PBXFrameworksBuildPhase;
			buildActionMask = 2147483647;
			files = (
				5E18ACFC288539F400059545 /* Pods_Project_Hotpot.framework in Frameworks */,
				5EFB17F12874F1F500ECC6B8 /* SpotifyiOS.framework in Frameworks */,
			);
			runOnlyForDeploymentPostprocessing = 0;
		};
/* End PBXFrameworksBuildPhase section */

/* Begin PBXGroup section */
		5E2FA6F02891FA9800EE769D /* Data Structures */ = {
			isa = PBXGroup;
			children = (
				5EAAC8F72890B57100BD2064 /* GenreQueue.swift */,
				5E2FA6EA2891EBA200EE769D /* SongDetails.swift */,
				5E2FA6EC2891F74D00EE769D /* Cache.swift */,
				5EAAC8F92890B82D00BD2064 /* Genre.swift */,
			);
			path = "Data Structures";
			sourceTree = "<group>";
		};
		5EAAC8E72888C45700BD2064 /* Playlist */ = {
			isa = PBXGroup;
			children = (
				5EAAC8E82889CC5300BD2064 /* SongTableViewCell.swift */,
				5EAAC8EA2889CCB700BD2064 /* PlaylistDetailsViewController.swift */,
				5EAAC8D52885F4EF00BD2064 /* PlaylistViewController.swift */,
				5EAAC8E52888C44700BD2064 /* PlaylistTableViewCell.swift */,
				5EAAC8DF2888BF2200BD2064 /* CreatePlaylistViewController.swift */,
			);
			path = Playlist;
			sourceTree = "<group>";
		};
		5EAAC8F22890928B00BD2064 /* Authentication */ = {
			isa = PBXGroup;
			children = (
				5EAD87852878D2C3008497D0 /* ConnectViewController.swift */,
				5EAD878B287DF27A008497D0 /* LoginViewController.swift */,
			);
			path = Authentication;
			sourceTree = "<group>";
		};
		5EAD879328809A01008497D0 /* Managers */ = {
			isa = PBXGroup;
			children = (
				5EAAC8EE288A16F000BD2064 /* SongManager.swift */,
				5EAAC8F528909A5100BD2064 /* UserSettingsManager.swift */,
				5EAAC8FB2890E26900BD2064 /* GenreQueueManager.swift */,
				5E2FA6EE2891F93C00EE769D /* CacheManager.swift */,
				5E2FA6F12892E15A00EE769D /* SongScoreManager.swift */,
				5EFB17DC2874F1D000ECC6B8 /* AppDelegate.swift */,
				5EFB17DE2874F1D000ECC6B8 /* SceneDelegate.swift */,
				5EAD8787287C9626008497D0 /* SpotifyManager.swift */,
				5E2FA6F328945F9D00EE769D /* Storage.swift */,
			);
			path = Managers;
			sourceTree = "<group>";
		};
		5EAD879428809A28008497D0 /* ViewControllers */ = {
			isa = PBXGroup;
			children = (
				5EAAC8F02890905400BD2064 /* ViewController.swift */,
				5EAD877F2876412A008497D0 /* HomeViewController.swift */,
				5EAAC8F3289093F300BD2064 /* SettingsViewController.swift */,
				5EAAC8F22890928B00BD2064 /* Authentication */,
				5EAAC8E72888C45700BD2064 /* Playlist */,
			);
			path = ViewControllers;
			sourceTree = "<group>";
		};
		5EAD879528809AB0008497D0 /* Parse-Backend */ = {
			isa = PBXGroup;
			children = (
				5EAD87912880833E008497D0 /* PFSong.swift */,
				5EAAC8D32885D9FD00BD2064 /* PFPlaylist.swift */,
				5EAAC8DD2888871A00BD2064 /* PFHistory.swift */,
			);
			path = "Parse-Backend";
			sourceTree = "<group>";
		};
		5EAD879628809ACF008497D0 /* Algorithm */ = {
			isa = PBXGroup;
			children = (
				5EAD8789287CE327008497D0 /* SongAlgorithm.swift */,
				5E2FA6F02891FA9800EE769D /* Data Structures */,
			);
			path = Algorithm;
			sourceTree = "<group>";
		};
		5EFB17D02874F1D000ECC6B8 = {
			isa = PBXGroup;
			children = (
				5EFB17F22874F29600ECC6B8 /* Project-Hotpot-Bridging-Header.h */,
				5EFB17DB2874F1D000ECC6B8 /* Project-Hotpot */,
				5EFB17DA2874F1D000ECC6B8 /* Products */,
				CD6143671160D9395E7E7CEE /* Pods */,
				7ACBCD7F6607069E75E1BABB /* Frameworks */,
			);
			sourceTree = "<group>";
		};
		5EFB17DA2874F1D000ECC6B8 /* Products */ = {
			isa = PBXGroup;
			children = (
				5EFB17D92874F1D000ECC6B8 /* Project-Hotpot.app */,
			);
			name = Products;
			sourceTree = "<group>";
		};
		5EFB17DB2874F1D000ECC6B8 /* Project-Hotpot */ = {
			isa = PBXGroup;
			children = (
				5EAD879328809A01008497D0 /* Managers */,
				5EFB17E22874F1D000ECC6B8 /* Main.storyboard */,
				5EAD879428809A28008497D0 /* ViewControllers */,
				5EAD879528809AB0008497D0 /* Parse-Backend */,
				5EAD879628809ACF008497D0 /* Algorithm */,
				5EFB17E52874F1D000ECC6B8 /* Assets.xcassets */,
				5EFB17E72874F1D000ECC6B8 /* LaunchScreen.storyboard */,
				5EFB17F02874F1F500ECC6B8 /* SpotifyiOS.framework */,
				5EFB17EA2874F1D000ECC6B8 /* Info.plist */,
				5EFB17F52874F2D400ECC6B8 /* Constants.swift */,
				5EAAC8FD2891090000BD2064 /* Errors.swift */,
			);
			path = "Project-Hotpot";
			sourceTree = "<group>";
		};
		7ACBCD7F6607069E75E1BABB /* Frameworks */ = {
			isa = PBXGroup;
			children = (
				481A2A7A1757134276DEFFB1 /* Pods_Project_Hotpot.framework */,
			);
			name = Frameworks;
			sourceTree = "<group>";
		};
		CD6143671160D9395E7E7CEE /* Pods */ = {
			isa = PBXGroup;
			children = (
				12BA0DC0E3114D74420752E0 /* Pods-Project-Hotpot.debug.xcconfig */,
				C94E2377FBE3B4DA4B523648 /* Pods-Project-Hotpot.release.xcconfig */,
			);
			path = Pods;
			sourceTree = "<group>";
		};
/* End PBXGroup section */

/* Begin PBXNativeTarget section */
		5EFB17D82874F1D000ECC6B8 /* Project-Hotpot */ = {
			isa = PBXNativeTarget;
			buildConfigurationList = 5EFB17ED2874F1D000ECC6B8 /* Build configuration list for PBXNativeTarget "Project-Hotpot" */;
			buildPhases = (
				CAA833B0882373BE82AF2022 /* [CP] Check Pods Manifest.lock */,
				5EFB17D52874F1D000ECC6B8 /* Sources */,
				5EFB17D62874F1D000ECC6B8 /* Frameworks */,
				5EFB17D72874F1D000ECC6B8 /* Resources */,
				B08F7819CC58B9EBB0C156DC /* [CP] Embed Pods Frameworks */,
				5E18ACFB2885396100059545 /* Embed Frameworks */,
			);
			buildRules = (
			);
			dependencies = (
			);
			name = "Project-Hotpot";
			productName = "Project-Hotpot";
			productReference = 5EFB17D92874F1D000ECC6B8 /* Project-Hotpot.app */;
			productType = "com.apple.product-type.application";
		};
/* End PBXNativeTarget section */

/* Begin PBXProject section */
		5EFB17D12874F1D000ECC6B8 /* Project object */ = {
			isa = PBXProject;
			attributes = {
				BuildIndependentTargetsInParallel = 1;
				LastSwiftUpdateCheck = 1340;
				LastUpgradeCheck = 1340;
				TargetAttributes = {
					5EFB17D82874F1D000ECC6B8 = {
						CreatedOnToolsVersion = 13.4;
						LastSwiftMigration = 1340;
					};
				};
			};
			buildConfigurationList = 5EFB17D42874F1D000ECC6B8 /* Build configuration list for PBXProject "Project-Hotpot" */;
			compatibilityVersion = "Xcode 13.0";
			developmentRegion = en;
			hasScannedForEncodings = 0;
			knownRegions = (
				en,
				Base,
			);
			mainGroup = 5EFB17D02874F1D000ECC6B8;
			productRefGroup = 5EFB17DA2874F1D000ECC6B8 /* Products */;
			projectDirPath = "";
			projectRoot = "";
			targets = (
				5EFB17D82874F1D000ECC6B8 /* Project-Hotpot */,
			);
		};
/* End PBXProject section */

/* Begin PBXResourcesBuildPhase section */
		5EFB17D72874F1D000ECC6B8 /* Resources */ = {
			isa = PBXResourcesBuildPhase;
			buildActionMask = 2147483647;
			files = (
				5EFB17E92874F1D000ECC6B8 /* LaunchScreen.storyboard in Resources */,
				5EFB17E62874F1D000ECC6B8 /* Assets.xcassets in Resources */,
				5EFB17E42874F1D000ECC6B8 /* Main.storyboard in Resources */,
			);
			runOnlyForDeploymentPostprocessing = 0;
		};
/* End PBXResourcesBuildPhase section */

/* Begin PBXShellScriptBuildPhase section */
		B08F7819CC58B9EBB0C156DC /* [CP] Embed Pods Frameworks */ = {
			isa = PBXShellScriptBuildPhase;
			buildActionMask = 2147483647;
			files = (
			);
			inputFileListPaths = (
				"${PODS_ROOT}/Target Support Files/Pods-Project-Hotpot/Pods-Project-Hotpot-frameworks-${CONFIGURATION}-input-files.xcfilelist",
			);
			name = "[CP] Embed Pods Frameworks";
			outputFileListPaths = (
				"${PODS_ROOT}/Target Support Files/Pods-Project-Hotpot/Pods-Project-Hotpot-frameworks-${CONFIGURATION}-output-files.xcfilelist",
			);
			runOnlyForDeploymentPostprocessing = 0;
			shellPath = /bin/sh;
			shellScript = "\"${PODS_ROOT}/Target Support Files/Pods-Project-Hotpot/Pods-Project-Hotpot-frameworks.sh\"\n";
			showEnvVarsInLog = 0;
		};
		CAA833B0882373BE82AF2022 /* [CP] Check Pods Manifest.lock */ = {
			isa = PBXShellScriptBuildPhase;
			buildActionMask = 2147483647;
			files = (
			);
			inputFileListPaths = (
			);
			inputPaths = (
				"${PODS_PODFILE_DIR_PATH}/Podfile.lock",
				"${PODS_ROOT}/Manifest.lock",
			);
			name = "[CP] Check Pods Manifest.lock";
			outputFileListPaths = (
			);
			outputPaths = (
				"$(DERIVED_FILE_DIR)/Pods-Project-Hotpot-checkManifestLockResult.txt",
			);
			runOnlyForDeploymentPostprocessing = 0;
			shellPath = /bin/sh;
			shellScript = "diff \"${PODS_PODFILE_DIR_PATH}/Podfile.lock\" \"${PODS_ROOT}/Manifest.lock\" > /dev/null\nif [ $? != 0 ] ; then\n    # print error to STDERR\n    echo \"error: The sandbox is not in sync with the Podfile.lock. Run 'pod install' or update your CocoaPods installation.\" >&2\n    exit 1\nfi\n# This output is used by Xcode 'outputs' to avoid re-running this script phase.\necho \"SUCCESS\" > \"${SCRIPT_OUTPUT_FILE_0}\"\n";
			showEnvVarsInLog = 0;
		};
/* End PBXShellScriptBuildPhase section */

/* Begin PBXSourcesBuildPhase section */
		5EFB17D52874F1D000ECC6B8 /* Sources */ = {
			isa = PBXSourcesBuildPhase;
			buildActionMask = 2147483647;
			files = (
				5EAD878C287DF27A008497D0 /* LoginViewController.swift in Sources */,
				5E2FA6F22892E15A00EE769D /* SongScoreManager.swift in Sources */,
				5EAAC8FC2890E26900BD2064 /* GenreQueueManager.swift in Sources */,
				5E2FA6EB2891EBA200EE769D /* SongDetails.swift in Sources */,
				5EAAC8E02888BF2200BD2064 /* CreatePlaylistViewController.swift in Sources */,
				5EAD8788287C9626008497D0 /* SpotifyManager.swift in Sources */,
				5EAAC8FE2891090000BD2064 /* Errors.swift in Sources */,
				5E2FA6ED2891F74D00EE769D /* Cache.swift in Sources */,
				5EAAC8FA2890B82D00BD2064 /* Genre.swift in Sources */,
				5EAAC8F628909A5100BD2064 /* UserSettingsManager.swift in Sources */,
				5EAD87862878D2C3008497D0 /* ConnectViewController.swift in Sources */,
				5E2FA6F428945F9D00EE769D /* Storage.swift in Sources */,
				5E2FA6EF2891F93C00EE769D /* CacheManager.swift in Sources */,
				5EAD87922880833E008497D0 /* PFSong.swift in Sources */,
				5EAAC8F4289093F300BD2064 /* SettingsViewController.swift in Sources */,
				5EAD87802876412A008497D0 /* HomeViewController.swift in Sources */,
				5EAD878A287CE327008497D0 /* SongAlgorithm.swift in Sources */,
				5EAAC8F82890B57100BD2064 /* GenreQueue.swift in Sources */,
				5EFB17DD2874F1D000ECC6B8 /* AppDelegate.swift in Sources */,
				5EAAC8D62885F4EF00BD2064 /* PlaylistViewController.swift in Sources */,
				5EAAC8E62888C44800BD2064 /* PlaylistTableViewCell.swift in Sources */,
				5EAAC8D42885D9FD00BD2064 /* PFPlaylist.swift in Sources */,
				5EFB17DF2874F1D000ECC6B8 /* SceneDelegate.swift in Sources */,
				5EAAC8F12890905400BD2064 /* ViewController.swift in Sources */,
				5EAAC8E92889CC5300BD2064 /* SongTableViewCell.swift in Sources */,
				5EAAC8EB2889CCB700BD2064 /* PlaylistDetailsViewController.swift in Sources */,
				5EAAC8DE2888871A00BD2064 /* PFHistory.swift in Sources */,
				5EAAC8EF288A16F000BD2064 /* SongManager.swift in Sources */,
				5EFB17F62874F2D400ECC6B8 /* Constants.swift in Sources */,
			);
			runOnlyForDeploymentPostprocessing = 0;
		};
/* End PBXSourcesBuildPhase section */

/* Begin PBXVariantGroup section */
		5EFB17E22874F1D000ECC6B8 /* Main.storyboard */ = {
			isa = PBXVariantGroup;
			children = (
				5EFB17E32874F1D000ECC6B8 /* Base */,
			);
			name = Main.storyboard;
			sourceTree = "<group>";
		};
		5EFB17E72874F1D000ECC6B8 /* LaunchScreen.storyboard */ = {
			isa = PBXVariantGroup;
			children = (
				5EFB17E82874F1D000ECC6B8 /* Base */,
			);
			name = LaunchScreen.storyboard;
			sourceTree = "<group>";
		};
/* End PBXVariantGroup section */

/* Begin XCBuildConfiguration section */
		5EFB17EB2874F1D000ECC6B8 /* Debug */ = {
			isa = XCBuildConfiguration;
			buildSettings = {
				ALWAYS_SEARCH_USER_PATHS = NO;
				CLANG_ANALYZER_NONNULL = YES;
				CLANG_ANALYZER_NUMBER_OBJECT_CONVERSION = YES_AGGRESSIVE;
				CLANG_CXX_LANGUAGE_STANDARD = "gnu++17";
				CLANG_ENABLE_MODULES = YES;
				CLANG_ENABLE_OBJC_ARC = YES;
				CLANG_ENABLE_OBJC_WEAK = YES;
				CLANG_WARN_BLOCK_CAPTURE_AUTORELEASING = YES;
				CLANG_WARN_BOOL_CONVERSION = YES;
				CLANG_WARN_COMMA = YES;
				CLANG_WARN_CONSTANT_CONVERSION = YES;
				CLANG_WARN_DEPRECATED_OBJC_IMPLEMENTATIONS = YES;
				CLANG_WARN_DIRECT_OBJC_ISA_USAGE = YES_ERROR;
				CLANG_WARN_DOCUMENTATION_COMMENTS = YES;
				CLANG_WARN_EMPTY_BODY = YES;
				CLANG_WARN_ENUM_CONVERSION = YES;
				CLANG_WARN_INFINITE_RECURSION = YES;
				CLANG_WARN_INT_CONVERSION = YES;
				CLANG_WARN_NON_LITERAL_NULL_CONVERSION = YES;
				CLANG_WARN_OBJC_IMPLICIT_RETAIN_SELF = YES;
				CLANG_WARN_OBJC_LITERAL_CONVERSION = YES;
				CLANG_WARN_OBJC_ROOT_CLASS = YES_ERROR;
				CLANG_WARN_QUOTED_INCLUDE_IN_FRAMEWORK_HEADER = YES;
				CLANG_WARN_RANGE_LOOP_ANALYSIS = YES;
				CLANG_WARN_STRICT_PROTOTYPES = YES;
				CLANG_WARN_SUSPICIOUS_MOVE = YES;
				CLANG_WARN_UNGUARDED_AVAILABILITY = YES_AGGRESSIVE;
				CLANG_WARN_UNREACHABLE_CODE = YES;
				CLANG_WARN__DUPLICATE_METHOD_MATCH = YES;
				COPY_PHASE_STRIP = NO;
				DEBUG_INFORMATION_FORMAT = dwarf;
				ENABLE_STRICT_OBJC_MSGSEND = YES;
				ENABLE_TESTABILITY = YES;
				GCC_C_LANGUAGE_STANDARD = gnu11;
				GCC_DYNAMIC_NO_PIC = NO;
				GCC_NO_COMMON_BLOCKS = YES;
				GCC_OPTIMIZATION_LEVEL = 0;
				GCC_PREPROCESSOR_DEFINITIONS = (
					"DEBUG=1",
					"$(inherited)",
				);
				GCC_WARN_64_TO_32_BIT_CONVERSION = YES;
				GCC_WARN_ABOUT_RETURN_TYPE = YES_ERROR;
				GCC_WARN_UNDECLARED_SELECTOR = YES;
				GCC_WARN_UNINITIALIZED_AUTOS = YES_AGGRESSIVE;
				GCC_WARN_UNUSED_FUNCTION = YES;
				GCC_WARN_UNUSED_VARIABLE = YES;
				IPHONEOS_DEPLOYMENT_TARGET = 15.5;
				MTL_ENABLE_DEBUG_INFO = INCLUDE_SOURCE;
				MTL_FAST_MATH = YES;
				ONLY_ACTIVE_ARCH = YES;
				SDKROOT = iphoneos;
				SWIFT_ACTIVE_COMPILATION_CONDITIONS = DEBUG;
				SWIFT_OPTIMIZATION_LEVEL = "-Onone";
			};
			name = Debug;
		};
		5EFB17EC2874F1D000ECC6B8 /* Release */ = {
			isa = XCBuildConfiguration;
			buildSettings = {
				ALWAYS_SEARCH_USER_PATHS = NO;
				CLANG_ANALYZER_NONNULL = YES;
				CLANG_ANALYZER_NUMBER_OBJECT_CONVERSION = YES_AGGRESSIVE;
				CLANG_CXX_LANGUAGE_STANDARD = "gnu++17";
				CLANG_ENABLE_MODULES = YES;
				CLANG_ENABLE_OBJC_ARC = YES;
				CLANG_ENABLE_OBJC_WEAK = YES;
				CLANG_WARN_BLOCK_CAPTURE_AUTORELEASING = YES;
				CLANG_WARN_BOOL_CONVERSION = YES;
				CLANG_WARN_COMMA = YES;
				CLANG_WARN_CONSTANT_CONVERSION = YES;
				CLANG_WARN_DEPRECATED_OBJC_IMPLEMENTATIONS = YES;
				CLANG_WARN_DIRECT_OBJC_ISA_USAGE = YES_ERROR;
				CLANG_WARN_DOCUMENTATION_COMMENTS = YES;
				CLANG_WARN_EMPTY_BODY = YES;
				CLANG_WARN_ENUM_CONVERSION = YES;
				CLANG_WARN_INFINITE_RECURSION = YES;
				CLANG_WARN_INT_CONVERSION = YES;
				CLANG_WARN_NON_LITERAL_NULL_CONVERSION = YES;
				CLANG_WARN_OBJC_IMPLICIT_RETAIN_SELF = YES;
				CLANG_WARN_OBJC_LITERAL_CONVERSION = YES;
				CLANG_WARN_OBJC_ROOT_CLASS = YES_ERROR;
				CLANG_WARN_QUOTED_INCLUDE_IN_FRAMEWORK_HEADER = YES;
				CLANG_WARN_RANGE_LOOP_ANALYSIS = YES;
				CLANG_WARN_STRICT_PROTOTYPES = YES;
				CLANG_WARN_SUSPICIOUS_MOVE = YES;
				CLANG_WARN_UNGUARDED_AVAILABILITY = YES_AGGRESSIVE;
				CLANG_WARN_UNREACHABLE_CODE = YES;
				CLANG_WARN__DUPLICATE_METHOD_MATCH = YES;
				COPY_PHASE_STRIP = NO;
				DEBUG_INFORMATION_FORMAT = "dwarf-with-dsym";
				ENABLE_NS_ASSERTIONS = NO;
				ENABLE_STRICT_OBJC_MSGSEND = YES;
				GCC_C_LANGUAGE_STANDARD = gnu11;
				GCC_NO_COMMON_BLOCKS = YES;
				GCC_WARN_64_TO_32_BIT_CONVERSION = YES;
				GCC_WARN_ABOUT_RETURN_TYPE = YES_ERROR;
				GCC_WARN_UNDECLARED_SELECTOR = YES;
				GCC_WARN_UNINITIALIZED_AUTOS = YES_AGGRESSIVE;
				GCC_WARN_UNUSED_FUNCTION = YES;
				GCC_WARN_UNUSED_VARIABLE = YES;
				IPHONEOS_DEPLOYMENT_TARGET = 15.5;
				MTL_ENABLE_DEBUG_INFO = NO;
				MTL_FAST_MATH = YES;
				SDKROOT = iphoneos;
				SWIFT_COMPILATION_MODE = wholemodule;
				SWIFT_OPTIMIZATION_LEVEL = "-O";
				VALIDATE_PRODUCT = YES;
			};
			name = Release;
		};
		5EFB17EE2874F1D000ECC6B8 /* Debug */ = {
			isa = XCBuildConfiguration;
			baseConfigurationReference = 12BA0DC0E3114D74420752E0 /* Pods-Project-Hotpot.debug.xcconfig */;
			buildSettings = {
				ASSETCATALOG_COMPILER_APPICON_NAME = AppIcon;
				ASSETCATALOG_COMPILER_GLOBAL_ACCENT_COLOR_NAME = AccentColor;
				CLANG_ENABLE_MODULES = YES;
				CODE_SIGN_STYLE = Automatic;
				CURRENT_PROJECT_VERSION = 1;
				DEVELOPMENT_TEAM = 2NM8W9RNFS;
				FRAMEWORK_SEARCH_PATHS = (
					"$(inherited)",
					"$(PROJECT_DIR)/Project-Hotpot",
				);
				GENERATE_INFOPLIST_FILE = YES;
				INFOPLIST_FILE = "Project-Hotpot/Info.plist";
				INFOPLIST_KEY_UIApplicationSupportsIndirectInputEvents = YES;
				INFOPLIST_KEY_UILaunchStoryboardName = LaunchScreen;
				INFOPLIST_KEY_UIMainStoryboardFile = Main;
				INFOPLIST_KEY_UISupportedInterfaceOrientations_iPad = "UIInterfaceOrientationPortrait UIInterfaceOrientationPortraitUpsideDown UIInterfaceOrientationLandscapeLeft UIInterfaceOrientationLandscapeRight";
				INFOPLIST_KEY_UISupportedInterfaceOrientations_iPhone = "UIInterfaceOrientationPortrait UIInterfaceOrientationLandscapeLeft UIInterfaceOrientationLandscapeRight";
				LD_RUNPATH_SEARCH_PATHS = (
					"$(inherited)",
					"@executable_path/Frameworks",
				);
				MARKETING_VERSION = 1.0;
				OTHER_LDFLAGS = "-ObjC";
				PRODUCT_BUNDLE_IDENTIFIER = "com.Project-Hotpot";
				PRODUCT_NAME = "$(TARGET_NAME)";
				SWIFT_EMIT_LOC_STRINGS = YES;
				SWIFT_OBJC_BRIDGING_HEADER = "Project-Hotpot-Bridging-Header.h";
				SWIFT_OPTIMIZATION_LEVEL = "-Onone";
				SWIFT_VERSION = 5.0;
				TARGETED_DEVICE_FAMILY = 1;
			};
			name = Debug;
		};
		5EFB17EF2874F1D000ECC6B8 /* Release */ = {
			isa = XCBuildConfiguration;
			baseConfigurationReference = 12BA0DC0E3114D74420752E0 /* Pods-Project-Hotpot.debug.xcconfig */;
			buildSettings = {
				ASSETCATALOG_COMPILER_APPICON_NAME = AppIcon;
				ASSETCATALOG_COMPILER_GLOBAL_ACCENT_COLOR_NAME = AccentColor;
				CLANG_ENABLE_MODULES = YES;
				CODE_SIGN_STYLE = Automatic;
				CURRENT_PROJECT_VERSION = 1;
				DEVELOPMENT_TEAM = 2NM8W9RNFS;
				FRAMEWORK_SEARCH_PATHS = (
					"$(inherited)",
					"$(PROJECT_DIR)/Project-Hotpot",
				);
				GENERATE_INFOPLIST_FILE = YES;
				INFOPLIST_FILE = "Project-Hotpot/Info.plist";
				INFOPLIST_KEY_UIApplicationSupportsIndirectInputEvents = YES;
				INFOPLIST_KEY_UILaunchStoryboardName = LaunchScreen;
				INFOPLIST_KEY_UIMainStoryboardFile = Main;
				INFOPLIST_KEY_UISupportedInterfaceOrientations_iPad = "UIInterfaceOrientationPortrait UIInterfaceOrientationPortraitUpsideDown UIInterfaceOrientationLandscapeLeft UIInterfaceOrientationLandscapeRight";
				INFOPLIST_KEY_UISupportedInterfaceOrientations_iPhone = "UIInterfaceOrientationPortrait UIInterfaceOrientationLandscapeLeft UIInterfaceOrientationLandscapeRight";
				LD_RUNPATH_SEARCH_PATHS = (
					"$(inherited)",
					"@executable_path/Frameworks",
				);
				MARKETING_VERSION = 1.0;
				OTHER_LDFLAGS = "-ObjC";
				PRODUCT_BUNDLE_IDENTIFIER = "com.Project-Hotpot";
				PRODUCT_NAME = "$(TARGET_NAME)";
				SWIFT_EMIT_LOC_STRINGS = YES;
				SWIFT_OBJC_BRIDGING_HEADER = "Project-Hotpot-Bridging-Header.h";
				SWIFT_VERSION = 5.0;
				TARGETED_DEVICE_FAMILY = 1;
			};
			name = Release;
		};
/* End XCBuildConfiguration section */

/* Begin XCConfigurationList section */
		5EFB17D42874F1D000ECC6B8 /* Build configuration list for PBXProject "Project-Hotpot" */ = {
			isa = XCConfigurationList;
			buildConfigurations = (
				5EFB17EB2874F1D000ECC6B8 /* Debug */,
				5EFB17EC2874F1D000ECC6B8 /* Release */,
			);
			defaultConfigurationIsVisible = 0;
			defaultConfigurationName = Release;
		};
		5EFB17ED2874F1D000ECC6B8 /* Build configuration list for PBXNativeTarget "Project-Hotpot" */ = {
			isa = XCConfigurationList;
			buildConfigurations = (
				5EFB17EE2874F1D000ECC6B8 /* Debug */,
				5EFB17EF2874F1D000ECC6B8 /* Release */,
			);
			defaultConfigurationIsVisible = 0;
			defaultConfigurationName = Release;
		};
/* End XCConfigurationList section */
	};
	rootObject = 5EFB17D12874F1D000ECC6B8 /* Project object */;
}
